
Microsoft Visual Studio Solution File, Format Version 12.00
# Visual Studio Version 17
VisualStudioVersion = 17.9.34701.34
MinimumVisualStudioVersion = 10.0.40219.1
Project("{FAE04EC0-301F-11D3-BF4B-00C04F79EFBC}") = "ASM5", "ASM5\ASM5.csproj", "{A2D343E3-7015-4DEC-A76A-E3F5928D1D84}"
EndProject
Global
	GlobalSection(SolutionConfigurationPlatforms) = preSolution
		Debug|Any CPU = Debug|Any CPU
		Release|Any CPU = Release|Any CPU
	EndGlobalSection
	GlobalSection(ProjectConfigurationPlatforms) = postSolution
		{A2D343E3-7015-4DEC-A76A-E3F5928D1D84}.Debug|Any CPU.ActiveCfg = Debug|Any CPU
		{A2D343E3-7015-4DEC-A76A-E3F5928D1D84}.Debug|Any CPU.Build.0 = Debug|Any CPU
		{A2D343E3-7015-4DEC-A76A-E3F5928D1D84}.Release|Any CPU.ActiveCfg = Release|Any CPU
		{A2D343E3-7015-4DEC-A76A-E3F5928D1D84}.Release|Any CPU.Build.0 = Release|Any CPU
	EndGlobalSection
	GlobalSection(SolutionProperties) = preSolution
		HideSolutionNode = FALSE
	EndGlobalSection
	GlobalSection(ExtensibilityGlobals) = postSolution
		SolutionGuid = {1508EF50-4C6C-42CF-AA12-4901CB1B592F}
	EndGlobalSection
EndGlobal
